
Microsoft Visual Studio Solution File, Format Version 12.00
# Visual Studio Version 16
VisualStudioVersion = 16.0.30114.105
MinimumVisualStudioVersion = 10.0.40219.1
Project("{FAE04EC0-301F-11D3-BF4B-00C04F79EFBC}") = "weather-backend", "weather-backend\weather-backend.csproj", "{06258CFF-AC73-4BAC-B2C5-63BD2CF01975}"
EndProject
Project("{FAE04EC0-301F-11D3-BF4B-00C04F79EFBC}") = "weather-test", "weather-test\weather-test.csproj", "{C5ED0263-8905-40FA-B755-F43E69B31167}"
EndProject
Project("{FAE04EC0-301F-11D3-BF4B-00C04F79EFBC}") = "Weather.API.IntegrationTests", "Weather.API.IntegrationTests\Weather.API.IntegrationTests.csproj", "{1F8D2532-8F4D-4CA6-BF55-38DD117481EF}"
EndProject
Project("{FAE04EC0-301F-11D3-BF4B-00C04F79EFBC}") = "Weather.CLI", "Weather.CLI\Weather.CLI.csproj", "{80463ADC-8FF5-4289-A20C-9E343B8E971F}"
EndProject
Global
	GlobalSection(SolutionConfigurationPlatforms) = preSolution
		Debug|Any CPU = Debug|Any CPU
		Release|Any CPU = Release|Any CPU
	EndGlobalSection
	GlobalSection(SolutionProperties) = preSolution
		HideSolutionNode = FALSE
	EndGlobalSection
	GlobalSection(ProjectConfigurationPlatforms) = postSolution
		{06258CFF-AC73-4BAC-B2C5-63BD2CF01975}.Debug|Any CPU.ActiveCfg = Debug|Any CPU
		{06258CFF-AC73-4BAC-B2C5-63BD2CF01975}.Debug|Any CPU.Build.0 = Debug|Any CPU
		{06258CFF-AC73-4BAC-B2C5-63BD2CF01975}.Release|Any CPU.ActiveCfg = Release|Any CPU
		{06258CFF-AC73-4BAC-B2C5-63BD2CF01975}.Release|Any CPU.Build.0 = Release|Any CPU
		{C5ED0263-8905-40FA-B755-F43E69B31167}.Debug|Any CPU.ActiveCfg = Debug|Any CPU
		{C5ED0263-8905-40FA-B755-F43E69B31167}.Debug|Any CPU.Build.0 = Debug|Any CPU
		{C5ED0263-8905-40FA-B755-F43E69B31167}.Release|Any CPU.ActiveCfg = Release|Any CPU
		{C5ED0263-8905-40FA-B755-F43E69B31167}.Release|Any CPU.Build.0 = Release|Any CPU
		{1F8D2532-8F4D-4CA6-BF55-38DD117481EF}.Debug|Any CPU.ActiveCfg = Debug|Any CPU
		{1F8D2532-8F4D-4CA6-BF55-38DD117481EF}.Debug|Any CPU.Build.0 = Debug|Any CPU
		{1F8D2532-8F4D-4CA6-BF55-38DD117481EF}.Release|Any CPU.ActiveCfg = Release|Any CPU
		{1F8D2532-8F4D-4CA6-BF55-38DD117481EF}.Release|Any CPU.Build.0 = Release|Any CPU
		{80463ADC-8FF5-4289-A20C-9E343B8E971F}.Debug|Any CPU.ActiveCfg = Debug|Any CPU
		{80463ADC-8FF5-4289-A20C-9E343B8E971F}.Debug|Any CPU.Build.0 = Debug|Any CPU
		{80463ADC-8FF5-4289-A20C-9E343B8E971F}.Release|Any CPU.ActiveCfg = Release|Any CPU
		{80463ADC-8FF5-4289-A20C-9E343B8E971F}.Release|Any CPU.Build.0 = Release|Any CPU
	EndGlobalSection
EndGlobal
